<?xml version="1.0" encoding="utf-8"?>
<Project ToolsVersion="4.0" xmlns="http://schemas.microsoft.com/developer/msbuild/2003">
  <ItemGroup>
    <Filter Include="Файлы исходного кода">
      <UniqueIdentifier>{4FC737F1-C7A5-4376-A066-2A32D752A2FF}</UniqueIdentifier>
      <Extensions>cpp;c;cc;cxx;def;odl;idl;hpj;bat;asm;asmx</Extensions>
    </Filter>
    <Filter Include="Заголовочные файлы">
      <UniqueIdentifier>{93995380-89BD-4b04-88EB-625FBE52EBFB}</UniqueIdentifier>
      <Extensions>h;hh;hpp;hxx;hm;inl;inc;xsd</Extensions>
    </Filter>
    <Filter Include="Файлы ресурсов">
      <UniqueIdentifier>{67DA6AB6-F800-4c08-8B7A-83BB121AAD01}</UniqueIdentifier>
      <Extensions>rc;ico;cur;bmp;dlg;rc2;rct;bin;rgs;gif;jpg;jpeg;jpe;resx;tiff;tif;png;wav;mfcribbon-ms</Extensions>
    </Filter>
    <Filter Include="Файлы исходного кода\camera">
      <UniqueIdentifier>{bee323ba-54ac-40d2-b226-16ba9111aa2c}</UniqueIdentifier>
    </Filter>
    <Filter Include="Файлы исходного кода\textureloader">
      <UniqueIdentifier>{7a5a74e2-b88c-45a5-92a6-f97f682e2e0a}</UniqueIdentifier>
    </Filter>
    <Filter Include="Файлы исходного кода\vboindexer">
      <UniqueIdentifier>{7cefda55-e422-4b54-bc58-0a2c8bc32877}</UniqueIdentifier>
    </Filter>
    <Filter Include="Файлы исходного кода\object">
      <UniqueIdentifier>{282c7860-f42b-4f5a-b747-b8fbd0837804}</UniqueIdentifier>
    </Filter>
    <Filter Include="Файлы исходного кода\scene">
      <UniqueIdentifier>{a063ce22-4eab-41d2-855d-05cb203414b6}</UniqueIdentifier>
    </Filter>
    <Filter Include="Файлы исходного кода\gui">
      <UniqueIdentifier>{47a4d890-5c4b-47cb-989d-86e58341ee67}</UniqueIdentifier>
    </Filter>
    <Filter Include="Файлы исходного кода\config">
      <UniqueIdentifier>{fafb989c-55b7-42fb-a261-a55acb0f915a}</UniqueIdentifier>
    </Filter>
    <Filter Include="Файлы ресурсов\shaders">
      <UniqueIdentifier>{5e76a594-0090-4864-9a48-d5ee9b74957d}</UniqueIdentifier>
    </Filter>
    <Filter Include="Файлы исходного кода\shader">
      <UniqueIdentifier>{4c03f707-c17f-4622-b15f-a91e89bd376d}</UniqueIdentifier>
    </Filter>
    <Filter Include="Файлы ресурсов\planets">
      <UniqueIdentifier>{a40f8594-0f84-4689-a48f-5860eb0773e7}</UniqueIdentifier>
    </Filter>
  </ItemGroup>
  <ItemGroup>
    <None Include="..\..\README.md">
      <Filter>Файлы исходного кода</Filter>
    </None>
    <None Include="config\config.ini">
      <Filter>Файлы исходного кода\config</Filter>
    </None>
    <None Include="resources\shaders\GradientColor.fs">
      <Filter>Файлы ресурсов\shaders</Filter>
    </None>
    <None Include="resources\shaders\GradientColor.vs">
      <Filter>Файлы ресурсов\shaders</Filter>
    </None>
    <None Include="resources\shaders\Gui.fs">
      <Filter>Файлы ресурсов\shaders</Filter>
    </None>
    <None Include="resources\shaders\Gui.vs">
      <Filter>Файлы ресурсов\shaders</Filter>
    </None>
    <None Include="resources\shaders\NormalMapping.fs">
      <Filter>Файлы ресурсов\shaders</Filter>
    </None>
    <None Include="resources\shaders\NormalMapping.vs">
      <Filter>Файлы ресурсов\shaders</Filter>
    </None>
    <None Include="resources\shaders\Reflection.fs">
      <Filter>Файлы ресурсов\shaders</Filter>
    </None>
    <None Include="resources\shaders\Reflection.vs">
      <Filter>Файлы ресурсов\shaders</Filter>
    </None>
    <None Include="resources\shaders\Refraction.fs">
      <Filter>Файлы ресурсов\shaders</Filter>
    </None>
    <None Include="resources\shaders\Refraction.vs">
      <Filter>Файлы ресурсов\shaders</Filter>
    </None>
    <None Include="resources\shaders\RenderToTexture.fragmentshader">
      <Filter>Файлы ресурсов\shaders</Filter>
    </None>
    <None Include="resources\shaders\RenderToTexture.vertexshader">
      <Filter>Файлы ресурсов\shaders</Filter>
    </None>
    <None Include="resources\shaders\SkyBox.fs">
      <Filter>Файлы ресурсов\shaders</Filter>
    </None>
    <None Include="resources\shaders\SkyBox.vs">
      <Filter>Файлы ресурсов\shaders</Filter>
    </None>
    <None Include="resources\shaders\SolidColor.fs">
      <Filter>Файлы ресурсов\shaders</Filter>
    </None>
    <None Include="resources\shaders\SolidColor.vs">
      <Filter>Файлы ресурсов\shaders</Filter>
    </None>
    <None Include="resources\shaders\Text.fs">
      <Filter>Файлы ресурсов\shaders</Filter>
    </None>
    <None Include="resources\shaders\Text.vs">
      <Filter>Файлы ресурсов\shaders</Filter>
    </None>
  </ItemGroup>
  <ItemGroup>
    <ClCompile Include="src\Main.cpp">
      <Filter>Файлы исходного кода</Filter>
    </ClCompile>
    <ClCompile Include="src\Camera.cpp">
      <Filter>Файлы исходного кода\camera</Filter>
    </ClCompile>
    <ClCompile Include="src\Gui.cpp">
      <Filter>Файлы исходного кода\gui</Filter>
    </ClCompile>
    <ClCompile Include="src\Object.cpp">
      <Filter>Файлы исходного кода\object</Filter>
    </ClCompile>
    <ClCompile Include="src\Scene.cpp">
      <Filter>Файлы исходного кода\scene</Filter>
    </ClCompile>
    <ClCompile Include="src\TextureLoader.cpp">
      <Filter>Файлы исходного кода\textureloader</Filter>
    </ClCompile>
    <ClCompile Include="src\VboIndexer.cpp">
      <Filter>Файлы исходного кода\vboindexer</Filter>
    </ClCompile>
  </ItemGroup>
  <ItemGroup>
    <ClInclude Include="src\Includes.h">
      <Filter>Файлы исходного кода</Filter>
    </ClInclude>
    <ClInclude Include="src\Camera.h">
      <Filter>Файлы исходного кода\camera</Filter>
    </ClInclude>
    <ClInclude Include="src\Gui.h">
      <Filter>Файлы исходного кода\gui</Filter>
    </ClInclude>
    <ClInclude Include="src\Object.h">
      <Filter>Файлы исходного кода\object</Filter>
    </ClInclude>
    <ClInclude Include="src\Scene.h">
      <Filter>Файлы исходного кода\scene</Filter>
    </ClInclude>
    <ClInclude Include="src\TextureLoader.h">
      <Filter>Файлы исходного кода\textureloader</Filter>
    </ClInclude>
    <ClInclude Include="src\VboIndexer.h">
      <Filter>Файлы исходного кода\vboindexer</Filter>
    </ClInclude>
  </ItemGroup>
  <ItemGroup>
    <Object Include="resources\3dmodels\cube.obj">
      <Filter>Файлы ресурсов</Filter>
    </Object>
    <Object Include="resources\3dmodels\cylinder.obj">
      <Filter>Файлы ресурсов</Filter>
    </Object>
    <Object Include="resources\3dmodels\deadpool.obj">
      <Filter>Файлы ресурсов</Filter>
    </Object>
    <Object Include="resources\3dmodels\diamond.obj">
      <Filter>Файлы ресурсов</Filter>
    </Object>
    <Object Include="resources\3dmodels\skybox.obj">
      <Filter>Файлы ресурсов</Filter>
    </Object>
    <Object Include="resources\3dmodels\skydome.obj">
      <Filter>Файлы ресурсов</Filter>
    </Object>
    <Object Include="resources\3dmodels\sphere_highpoly.obj">
      <Filter>Файлы ресурсов</Filter>
    </Object>
    <Object Include="resources\3dmodels\sphere_lowpoly.obj">
      <Filter>Файлы ресурсов</Filter>
    </Object>
    <Object Include="resources\3dmodels\teapot.obj">
      <Filter>Файлы ресурсов</Filter>
    </Object>
    <Object Include="resources\3dmodels\torusknot.obj">
      <Filter>Файлы ресурсов</Filter>
    </Object>
    <Object Include="resources\3dmodels\planets\Earth.obj">
      <Filter>Файлы ресурсов\planets</Filter>
    </Object>
    <Object Include="resources\3dmodels\planets\Mercury.obj">
      <Filter>Файлы ресурсов\planets</Filter>
    </Object>
    <Object Include="resources\3dmodels\planets\Sol.obj">
      <Filter>Файлы ресурсов\planets</Filter>
    </Object>
    <Object Include="resources\3dmodels\planets\Venus.obj">
      <Filter>Файлы ресурсов\planets</Filter>
    </Object>
  </ItemGroup>
  <ItemGroup>
    <Text Include="resources\3dmodels\planets\Scale.txt">
      <Filter>Файлы ресурсов\planets</Filter>
    </Text>
  </ItemGroup>
</Project>