<?xml version="1.0" encoding="utf-8"?>
<Project ToolsVersion="4.0" xmlns="http://schemas.microsoft.com/developer/msbuild/2003">
  <ItemGroup>
    <Filter Include="Файлы исходного кода">
      <UniqueIdentifier>{4FC737F1-C7A5-4376-A066-2A32D752A2FF}</UniqueIdentifier>
      <Extensions>cpp;c;cc;cxx;def;odl;idl;hpj;bat;asm;asmx</Extensions>
    </Filter>
    <Filter Include="Заголовочные файлы">
      <UniqueIdentifier>{93995380-89BD-4b04-88EB-625FBE52EBFB}</UniqueIdentifier>
      <Extensions>h;hh;hpp;hxx;hm;inl;inc;xsd</Extensions>
    </Filter>
    <Filter Include="Файлы ресурсов">
      <UniqueIdentifier>{67DA6AB6-F800-4c08-8B7A-83BB121AAD01}</UniqueIdentifier>
      <Extensions>rc;ico;cur;bmp;dlg;rc2;rct;bin;rgs;gif;jpg;jpeg;jpe;resx;tiff;tif;png;wav;mfcribbon-ms</Extensions>
    </Filter>
    <Filter Include="Файлы исходного кода\config">
      <UniqueIdentifier>{fafb989c-55b7-42fb-a261-a55acb0f915a}</UniqueIdentifier>
    </Filter>
    <Filter Include="Файлы ресурсов\shaders">
      <UniqueIdentifier>{5e76a594-0090-4864-9a48-d5ee9b74957d}</UniqueIdentifier>
    </Filter>
    <Filter Include="Файлы исходного кода\callbacks">
      <UniqueIdentifier>{7ff630ab-080f-4ea4-b5e0-f678e0c49f1b}</UniqueIdentifier>
    </Filter>
    <Filter Include="Файлы исходного кода\includes">
      <UniqueIdentifier>{13ec6b6a-fd73-4ff7-9241-5ddbcd24162d}</UniqueIdentifier>
    </Filter>
    <Filter Include="Файлы исходного кода\shader">
      <UniqueIdentifier>{459d8d48-0642-4c7f-aeb7-5cbe7289d943}</UniqueIdentifier>
    </Filter>
    <Filter Include="Файлы исходного кода\errorcodes">
      <UniqueIdentifier>{37d106e9-b95c-440c-8ae6-1107745f5b39}</UniqueIdentifier>
    </Filter>
    <Filter Include="Файлы исходного кода\logger">
      <UniqueIdentifier>{4f81d8bc-2bcd-4494-999d-85518db76ced}</UniqueIdentifier>
    </Filter>
    <Filter Include="Файлы исходного кода\glad">
      <UniqueIdentifier>{c6aa936f-f891-45ad-9924-87a21369bc4f}</UniqueIdentifier>
    </Filter>
    <Filter Include="Файлы исходного кода\std_image">
      <UniqueIdentifier>{5f69427a-6b5d-41f2-8da9-c2c8270b3a6f}</UniqueIdentifier>
    </Filter>
    <Filter Include="Файлы исходного кода\camera">
      <UniqueIdentifier>{99cabd88-3310-40ae-a596-c45a24c2f9a5}</UniqueIdentifier>
    </Filter>
    <Filter Include="Файлы исходного кода\texture loader">
      <UniqueIdentifier>{9136bf69-4f16-428f-bc3b-1455eefd267a}</UniqueIdentifier>
    </Filter>
    <Filter Include="Файлы исходного кода\object">
      <UniqueIdentifier>{a7f337d4-8b1c-4821-af95-c7427bd9c152}</UniqueIdentifier>
    </Filter>
  </ItemGroup>
  <ItemGroup>
    <None Include="..\..\README.md">
      <Filter>Файлы исходного кода</Filter>
    </None>
    <None Include="config\config.ini">
      <Filter>Файлы исходного кода\config</Filter>
    </None>
    <None Include="resources\shaders\material.vs">
      <Filter>Файлы ресурсов\shaders</Filter>
    </None>
    <None Include="resources\shaders\material.fs">
      <Filter>Файлы ресурсов\shaders</Filter>
    </None>
    <None Include="resources\shaders\test.fs">
      <Filter>Файлы ресурсов\shaders</Filter>
    </None>
    <None Include="resources\shaders\test.vs">
      <Filter>Файлы ресурсов\shaders</Filter>
    </None>
  </ItemGroup>
  <ItemGroup>
    <ClCompile Include="src\glad\glad.c">
      <Filter>Файлы исходного кода\glad</Filter>
    </ClCompile>
    <ClCompile Include="src\includes\Includes.cpp">
      <Filter>Файлы исходного кода\includes</Filter>
    </ClCompile>
    <ClCompile Include="src\Main.cpp">
      <Filter>Файлы исходного кода</Filter>
    </ClCompile>
    <ClCompile Include="src\config\Config.cpp">
      <Filter>Файлы исходного кода\config</Filter>
    </ClCompile>
    <ClCompile Include="src\callbacks\Callbacks.cpp">
      <Filter>Файлы исходного кода\callbacks</Filter>
    </ClCompile>
    <ClCompile Include="src\shader\Shader.cpp">
      <Filter>Файлы исходного кода\shader</Filter>
    </ClCompile>
    <ClCompile Include="src\logger\Logger.cpp">
      <Filter>Файлы исходного кода\logger</Filter>
    </ClCompile>
    <ClCompile Include="src\stb_image\stb_image.cpp">
      <Filter>Файлы исходного кода\std_image</Filter>
    </ClCompile>
    <ClCompile Include="src\texture_loader\TextureLoader.cpp">
      <Filter>Файлы исходного кода\texture loader</Filter>
    </ClCompile>
    <ClCompile Include="src\object\Mesh.cpp">
      <Filter>Файлы исходного кода\object</Filter>
    </ClCompile>
    <ClCompile Include="src\object\Model.cpp">
      <Filter>Файлы исходного кода\object</Filter>
    </ClCompile>
    <ClCompile Include="src\object\Object.cpp">
      <Filter>Файлы исходного кода\object</Filter>
    </ClCompile>
  </ItemGroup>
  <ItemGroup>
    <ClInclude Include="src\config\Config.h">
      <Filter>Файлы исходного кода\config</Filter>
    </ClInclude>
    <ClInclude Include="src\callbacks\Callbacks.h">
      <Filter>Файлы исходного кода\callbacks</Filter>
    </ClInclude>
    <ClInclude Include="src\includes\Includes.h">
      <Filter>Файлы исходного кода\includes</Filter>
    </ClInclude>
    <ClInclude Include="src\shader\Shader.h">
      <Filter>Файлы исходного кода\shader</Filter>
    </ClInclude>
    <ClInclude Include="src\errorcodes\ErrorCodes.h">
      <Filter>Файлы исходного кода\errorcodes</Filter>
    </ClInclude>
    <ClInclude Include="src\logger\Logger.h">
      <Filter>Файлы исходного кода\logger</Filter>
    </ClInclude>
    <ClInclude Include="src\camera\Camera.h">
      <Filter>Файлы исходного кода\camera</Filter>
    </ClInclude>
    <ClInclude Include="src\texture_loader\TextureLoader.h">
      <Filter>Файлы исходного кода\texture loader</Filter>
    </ClInclude>
    <ClInclude Include="resource.h">
      <Filter>Заголовочные файлы</Filter>
    </ClInclude>
    <ClInclude Include="src\object\Mesh.h">
      <Filter>Файлы исходного кода\object</Filter>
    </ClInclude>
    <ClInclude Include="src\object\Model.h">
      <Filter>Файлы исходного кода\object</Filter>
    </ClInclude>
    <ClInclude Include="src\object\Object.h">
      <Filter>Файлы исходного кода\object</Filter>
    </ClInclude>
  </ItemGroup>
  <ItemGroup>
    <ResourceCompile Include="GLFW.rc">
      <Filter>Файлы ресурсов</Filter>
    </ResourceCompile>
  </ItemGroup>
</Project>