<?xml version="1.0" encoding="utf-8"?>
<Project ToolsVersion="4.0" xmlns="http://schemas.microsoft.com/developer/msbuild/2003">
  <ItemGroup>
    <Filter Include="Файлы исходного кода">
      <UniqueIdentifier>{4FC737F1-C7A5-4376-A066-2A32D752A2FF}</UniqueIdentifier>
      <Extensions>cpp;c;cc;cxx;def;odl;idl;hpj;bat;asm;asmx</Extensions>
    </Filter>
    <Filter Include="Заголовочные файлы">
      <UniqueIdentifier>{93995380-89BD-4b04-88EB-625FBE52EBFB}</UniqueIdentifier>
      <Extensions>h;hh;hpp;hxx;hm;inl;inc;xsd</Extensions>
    </Filter>
    <Filter Include="Файлы ресурсов">
      <UniqueIdentifier>{67DA6AB6-F800-4c08-8B7A-83BB121AAD01}</UniqueIdentifier>
      <Extensions>rc;ico;cur;bmp;dlg;rc2;rct;bin;rgs;gif;jpg;jpeg;jpe;resx;tiff;tif;png;wav;mfcribbon-ms</Extensions>
    </Filter>
    <Filter Include="Файлы исходного кода\shaders">
      <UniqueIdentifier>{4c03f707-c17f-4622-b15f-a91e89bd376d}</UniqueIdentifier>
    </Filter>
  </ItemGroup>
  <ItemGroup>
    <ClCompile Include="TextureLoader.cpp">
      <Filter>Файлы исходного кода</Filter>
    </ClCompile>
    <ClCompile Include="VboIndexer.cpp">
      <Filter>Файлы исходного кода</Filter>
    </ClCompile>
    <ClCompile Include="Main.cpp">
      <Filter>Файлы исходного кода</Filter>
    </ClCompile>
    <ClCompile Include="Text.cpp">
      <Filter>Файлы исходного кода</Filter>
    </ClCompile>
  </ItemGroup>
  <ItemGroup>
    <ClInclude Include="TextureLoader.h">
      <Filter>Файлы исходного кода</Filter>
    </ClInclude>
    <ClInclude Include="VboIndexer.h">
      <Filter>Файлы исходного кода</Filter>
    </ClInclude>
    <ClInclude Include="Text.h">
      <Filter>Файлы исходного кода</Filter>
    </ClInclude>
  </ItemGroup>
  <ItemGroup>
    <None Include="shaders\Text.fragmentshader">
      <Filter>Файлы исходного кода\shaders</Filter>
    </None>
    <None Include="shaders\Text.vertexshader">
      <Filter>Файлы исходного кода\shaders</Filter>
    </None>
    <None Include="shaders\Cylinder.fragmentshader">
      <Filter>Файлы исходного кода\shaders</Filter>
    </None>
    <None Include="shaders\Cylinder.vertexshader">
      <Filter>Файлы исходного кода\shaders</Filter>
    </None>
    <None Include="shaders\SkyBox.fragmentshader">
      <Filter>Файлы исходного кода\shaders</Filter>
    </None>
    <None Include="shaders\SkyBox.vertexshader">
      <Filter>Файлы исходного кода\shaders</Filter>
    </None>
    <None Include="shaders\Reflection.fragmentshader">
      <Filter>Файлы исходного кода\shaders</Filter>
    </None>
    <None Include="shaders\Reflection.vertexshader">
      <Filter>Файлы исходного кода\shaders</Filter>
    </None>
    <None Include="shaders\Refraction.fragmentshader">
      <Filter>Файлы исходного кода\shaders</Filter>
    </None>
    <None Include="shaders\Refraction.vertexshader">
      <Filter>Файлы исходного кода\shaders</Filter>
    </None>
    <None Include="shaders\SolidColor.fragmentshader">
      <Filter>Файлы исходного кода\shaders</Filter>
    </None>
    <None Include="shaders\SolidColor.vertexshader">
      <Filter>Файлы исходного кода\shaders</Filter>
    </None>
    <None Include="shaders\GradientColor.fragmentshader">
      <Filter>Файлы исходного кода\shaders</Filter>
    </None>
    <None Include="shaders\GradientColor.vertexshader">
      <Filter>Файлы исходного кода\shaders</Filter>
    </None>
    <None Include="..\..\README.md">
      <Filter>Файлы исходного кода</Filter>
    </None>
  </ItemGroup>
  <ItemGroup>
    <Text Include="TODO.txt">
      <Filter>Файлы исходного кода</Filter>
    </Text>
  </ItemGroup>
</Project>